
Microsoft Visual Studio Solution File, Format Version 12.00
# Visual Studio Version 16
VisualStudioVersion = 16.0.30002.166
MinimumVisualStudioVersion = 10.0.40219.1
Project("{9A19103F-16F7-4668-BE54-9A1E7A4F7556}") = "Service.Sample", "src\Service.Sample\Service.Sample.csproj", "{4DDD63E7-EC21-4ADA-B285-CEF393497561}"
EndProject
Project("{9A19103F-16F7-4668-BE54-9A1E7A4F7556}") = "Service.Sample.Test", "test\Service.Sample.Test\Service.Sample.Test.csproj", "{7D89C4A3-EBF4-46E8-94EC-01E157B8E725}"
EndProject
Global
	GlobalSection(SolutionConfigurationPlatforms) = preSolution
		Debug|Any CPU = Debug|Any CPU
		Release|Any CPU = Release|Any CPU
	EndGlobalSection
	GlobalSection(ProjectConfigurationPlatforms) = postSolution
		{4DDD63E7-EC21-4ADA-B285-CEF393497561}.Debug|Any CPU.ActiveCfg = Debug|Any CPU
		{4DDD63E7-EC21-4ADA-B285-CEF393497561}.Debug|Any CPU.Build.0 = Debug|Any CPU
		{4DDD63E7-EC21-4ADA-B285-CEF393497561}.Release|Any CPU.ActiveCfg = Release|Any CPU
		{4DDD63E7-EC21-4ADA-B285-CEF393497561}.Release|Any CPU.Build.0 = Release|Any CPU
		{7D89C4A3-EBF4-46E8-94EC-01E157B8E725}.Debug|Any CPU.ActiveCfg = Debug|Any CPU
		{7D89C4A3-EBF4-46E8-94EC-01E157B8E725}.Debug|Any CPU.Build.0 = Debug|Any CPU
		{7D89C4A3-EBF4-46E8-94EC-01E157B8E725}.Release|Any CPU.ActiveCfg = Release|Any CPU
		{7D89C4A3-EBF4-46E8-94EC-01E157B8E725}.Release|Any CPU.Build.0 = Release|Any CPU
	EndGlobalSection
	GlobalSection(SolutionProperties) = preSolution
		HideSolutionNode = FALSE
	EndGlobalSection
	GlobalSection(ExtensibilityGlobals) = postSolution
		SolutionGuid = {200D5366-2B28-4627-BE0A-6A932CC01A8B}
	EndGlobalSection
EndGlobal
